Microsoft Visual Studio Solution File, Format Version 12.00
# Visual Studio Version 16
VisualStudioVersion = 16.0.30011.22
MinimumVisualStudioVersion = 10.0.40219.1
Project("{FAE04EC0-301F-11D3-BF4B-00C04F79EFBC}") = "Xamarin.Forms.TabView", "Xamarin.Forms.TabView\Xamarin.Forms.TabView.csproj", "{5A412691-4D0D-4140-A4B1-1E5660A8D390}"
EndProject
Project("{FAE04EC0-301F-11D3-BF4B-00C04F79EFBC}") = "TabView.Sample.Android", "TabView.Sample.Android\TabView.Sample.Android.csproj", "{62E01E93-85DC-4AE8-A2A2-5D93B3A9A19E}"
EndProject
Project("{FAE04EC0-301F-11D3-BF4B-00C04F79EFBC}") = "TabView.Sample.iOS", "TabView.Sample.iOS\TabView.Sample.iOS.csproj", "{D2C1FB63-3255-4DFB-BDBB-E7B2A5777E4C}"
EndProject
Project("{FAE04EC0-301F-11D3-BF4B-00C04F79EFBC}") = "TabView.Sample", "TabView.Sample\TabView.Sample.csproj", "{08B92D62-4595-4ACF-B6ED-743B52892E72}"
EndProject
Project("{2150E333-8FDC-42A3-9474-1A3956D46DE8}") = "Sample", "Sample", "{E94895A9-6AB4-4517-8084-82303847AD56}"
EndProject
Project("{FAE04EC0-301F-11D3-BF4B-00C04F79EFBC}") = "TabView.Sample.UWP", "TabView.Sample.UWP\TabView.Sample.UWP.csproj", "{61E79B4B-A83D-4D7D-976A-97ABF95641BE}"
EndProject
Project("{FAE04EC0-301F-11D3-BF4B-00C04F79EFBC}") = "Xamarin.Forms.TabView.Android", "Xamarin.Forms.TabView.Android\Xamarin.Forms.TabView.Android.csproj", "{335288B7-AA6F-487C-B4AA-88B9E3261BD5}"
EndProject
Project("{FAE04EC0-301F-11D3-BF4B-00C04F79EFBC}") = "Xamarin.Forms.TabView.iOS", "Xamarin.Forms.TabView.iOS\Xamarin.Forms.TabView.iOS.csproj", "{459689E5-163C-49F8-956F-FB31D2C74443}"
EndProject
Global
	GlobalSection(SolutionConfigurationPlatforms) = preSolution
		Debug|Any CPU = Debug|Any CPU
		Debug|ARM = Debug|ARM
		Debug|ARM64 = Debug|ARM64
		Debug|iPhone = Debug|iPhone
		Debug|iPhoneSimulator = Debug|iPhoneSimulator
		Debug|x64 = Debug|x64
		Debug|x86 = Debug|x86
		Release|Any CPU = Release|Any CPU
		Release|ARM = Release|ARM
		Release|ARM64 = Release|ARM64
		Release|iPhone = Release|iPhone
		Release|iPhoneSimulator = Release|iPhoneSimulator
		Release|x64 = Release|x64
		Release|x86 = Release|x86
	EndGlobalSection
	GlobalSection(ProjectConfigurationPlatforms) = postSolution
		{5A412691-4D0D-4140-A4B1-1E5660A8D390}.Debug|Any CPU.ActiveCfg = Debug|Any CPU
		{5A412691-4D0D-4140-A4B1-1E5660A8D390}.Debug|Any CPU.Build.0 = Debug|Any CPU
		{5A412691-4D0D-4140-A4B1-1E5660A8D390}.Debug|ARM.ActiveCfg = Debug|Any CPU
		{5A412691-4D0D-4140-A4B1-1E5660A8D390}.Debug|ARM.Build.0 = Debug|Any CPU
		{5A412691-4D0D-4140-A4B1-1E5660A8D390}.Debug|ARM64.ActiveCfg = Debug|Any CPU
		{5A412691-4D0D-4140-A4B1-1E5660A8D390}.Debug|ARM64.Build.0 = Debug|Any CPU
		{5A412691-4D0D-4140-A4B1-1E5660A8D390}.Debug|iPhone.ActiveCfg = Debug|Any CPU
		{5A412691-4D0D-4140-A4B1-1E5660A8D390}.Debug|iPhone.Build.0 = Debug|Any CPU
		{5A412691-4D0D-4140-A4B1-1E5660A8D390}.Debug|iPhoneSimulator.ActiveCfg = Debug|Any CPU
		{5A412691-4D0D-4140-A4B1-1E5660A8D390}.Debug|iPhoneSimulator.Build.0 = Debug|Any CPU
		{5A412691-4D0D-4140-A4B1-1E5660A8D390}.Debug|x64.ActiveCfg = Debug|Any CPU
		{5A412691-4D0D-4140-A4B1-1E5660A8D390}.Debug|x64.Build.0 = Debug|Any CPU
		{5A412691-4D0D-4140-A4B1-1E5660A8D390}.Debug|x86.ActiveCfg = Debug|Any CPU
		{5A412691-4D0D-4140-A4B1-1E5660A8D390}.Debug|x86.Build.0 = Debug|Any CPU
		{5A412691-4D0D-4140-A4B1-1E5660A8D390}.Release|Any CPU.ActiveCfg = Release|Any CPU
		{5A412691-4D0D-4140-A4B1-1E5660A8D390}.Release|Any CPU.Build.0 = Release|Any CPU
		{5A412691-4D0D-4140-A4B1-1E5660A8D390}.Release|ARM.ActiveCfg = Release|Any CPU
		{5A412691-4D0D-4140-A4B1-1E5660A8D390}.Release|ARM.Build.0 = Release|Any CPU
		{5A412691-4D0D-4140-A4B1-1E5660A8D390}.Release|ARM64.ActiveCfg = Release|Any CPU
		{5A412691-4D0D-4140-A4B1-1E5660A8D390}.Release|ARM64.Build.0 = Release|Any CPU
		{5A412691-4D0D-4140-A4B1-1E5660A8D390}.Release|iPhone.ActiveCfg = Release|Any CPU
		{5A412691-4D0D-4140-A4B1-1E5660A8D390}.Release|iPhone.Build.0 = Release|Any CPU
		{5A412691-4D0D-4140-A4B1-1E5660A8D390}.Release|iPhoneSimulator.ActiveCfg = Release|Any CPU
		{5A412691-4D0D-4140-A4B1-1E5660A8D390}.Release|iPhoneSimulator.Build.0 = Release|Any CPU
		{5A412691-4D0D-4140-A4B1-1E5660A8D390}.Release|x64.ActiveCfg = Release|Any CPU
		{5A412691-4D0D-4140-A4B1-1E5660A8D390}.Release|x64.Build.0 = Release|Any CPU
		{5A412691-4D0D-4140-A4B1-1E5660A8D390}.Release|x86.ActiveCfg = Release|Any CPU
		{5A412691-4D0D-4140-A4B1-1E5660A8D390}.Release|x86.Build.0 = Release|Any CPU
		{62E01E93-85DC-4AE8-A2A2-5D93B3A9A19E}.Debug|Any CPU.ActiveCfg = Debug|Any CPU
		{62E01E93-85DC-4AE8-A2A2-5D93B3A9A19E}.Debug|Any CPU.Build.0 = Debug|Any CPU
		{62E01E93-85DC-4AE8-A2A2-5D93B3A9A19E}.Debug|Any CPU.Deploy.0 = Debug|Any CPU
		{62E01E93-85DC-4AE8-A2A2-5D93B3A9A19E}.Debug|ARM.ActiveCfg = Debug|Any CPU
		{62E01E93-85DC-4AE8-A2A2-5D93B3A9A19E}.Debug|ARM.Build.0 = Debug|Any CPU
		{62E01E93-85DC-4AE8-A2A2-5D93B3A9A19E}.Debug|ARM.Deploy.0 = Debug|Any CPU
		{62E01E93-85DC-4AE8-A2A2-5D93B3A9A19E}.Debug|ARM64.ActiveCfg = Debug|Any CPU
		{62E01E93-85DC-4AE8-A2A2-5D93B3A9A19E}.Debug|ARM64.Build.0 = Debug|Any CPU
		{62E01E93-85DC-4AE8-A2A2-5D93B3A9A19E}.Debug|ARM64.Deploy.0 = Debug|Any CPU
		{62E01E93-85DC-4AE8-A2A2-5D93B3A9A19E}.Debug|iPhone.ActiveCfg = Debug|Any CPU
		{62E01E93-85DC-4AE8-A2A2-5D93B3A9A19E}.Debug|iPhone.Build.0 = Debug|Any CPU
		{62E01E93-85DC-4AE8-A2A2-5D93B3A9A19E}.Debug|iPhoneSimulator.ActiveCfg = Debug|Any CPU
		{62E01E93-85DC-4AE8-A2A2-5D93B3A9A19E}.Debug|iPhoneSimulator.Build.0 = Debug|Any CPU
		{62E01E93-85DC-4AE8-A2A2-5D93B3A9A19E}.Debug|x64.ActiveCfg = Debug|Any CPU
		{62E01E93-85DC-4AE8-A2A2-5D93B3A9A19E}.Debug|x64.Build.0 = Debug|Any CPU
		{62E01E93-85DC-4AE8-A2A2-5D93B3A9A19E}.Debug|x64.Deploy.0 = Debug|Any CPU
		{62E01E93-85DC-4AE8-A2A2-5D93B3A9A19E}.Debug|x86.ActiveCfg = Debug|Any CPU
		{62E01E93-85DC-4AE8-A2A2-5D93B3A9A19E}.Debug|x86.Build.0 = Debug|Any CPU
		{62E01E93-85DC-4AE8-A2A2-5D93B3A9A19E}.Debug|x86.Deploy.0 = Debug|Any CPU
		{62E01E93-85DC-4AE8-A2A2-5D93B3A9A19E}.Release|Any CPU.ActiveCfg = Release|Any CPU
		{62E01E93-85DC-4AE8-A2A2-5D93B3A9A19E}.Release|Any CPU.Build.0 = Release|Any CPU
		{62E01E93-85DC-4AE8-A2A2-5D93B3A9A19E}.Release|ARM.ActiveCfg = Release|Any CPU
		{62E01E93-85DC-4AE8-A2A2-5D93B3A9A19E}.Release|ARM.Build.0 = Release|Any CPU
		{62E01E93-85DC-4AE8-A2A2-5D93B3A9A19E}.Release|ARM.Deploy.0 = Release|Any CPU
		{62E01E93-85DC-4AE8-A2A2-5D93B3A9A19E}.Release|ARM64.ActiveCfg = Release|Any CPU
		{62E01E93-85DC-4AE8-A2A2-5D93B3A9A19E}.Release|ARM64.Build.0 = Release|Any CPU
		{62E01E93-85DC-4AE8-A2A2-5D93B3A9A19E}.Release|ARM64.Deploy.0 = Release|Any CPU
		{62E01E93-85DC-4AE8-A2A2-5D93B3A9A19E}.Release|iPhone.ActiveCfg = Release|Any CPU
		{62E01E93-85DC-4AE8-A2A2-5D93B3A9A19E}.Release|iPhone.Build.0 = Release|Any CPU
		{62E01E93-85DC-4AE8-A2A2-5D93B3A9A19E}.Release|iPhoneSimulator.ActiveCfg = Release|Any CPU
		{62E01E93-85DC-4AE8-A2A2-5D93B3A9A19E}.Release|iPhoneSimulator.Build.0 = Release|Any CPU
		{62E01E93-85DC-4AE8-A2A2-5D93B3A9A19E}.Release|x64.ActiveCfg = Release|Any CPU
		{62E01E93-85DC-4AE8-A2A2-5D93B3A9A19E}.Release|x64.Build.0 = Release|Any CPU
		{62E01E93-85DC-4AE8-A2A2-5D93B3A9A19E}.Release|x64.Deploy.0 = Release|Any CPU
		{62E01E93-85DC-4AE8-A2A2-5D93B3A9A19E}.Release|x86.ActiveCfg = Release|Any CPU
		{62E01E93-85DC-4AE8-A2A2-5D93B3A9A19E}.Release|x86.Build.0 = Release|Any CPU
		{62E01E93-85DC-4AE8-A2A2-5D93B3A9A19E}.Release|x86.Deploy.0 = Release|Any CPU
		{D2C1FB63-3255-4DFB-BDBB-E7B2A5777E4C}.Debug|Any CPU.ActiveCfg = Debug|iPhoneSimulator
		{D2C1FB63-3255-4DFB-BDBB-E7B2A5777E4C}.Debug|Any CPU.Build.0 = Debug|iPhoneSimulator
		{D2C1FB63-3255-4DFB-BDBB-E7B2A5777E4C}.Debug|ARM.ActiveCfg = Debug|iPhone
		{D2C1FB63-3255-4DFB-BDBB-E7B2A5777E4C}.Debug|ARM64.ActiveCfg = Debug|iPhone
		{D2C1FB63-3255-4DFB-BDBB-E7B2A5777E4C}.Debug|iPhone.ActiveCfg = Debug|iPhone
		{D2C1FB63-3255-4DFB-BDBB-E7B2A5777E4C}.Debug|iPhone.Build.0 = Debug|iPhone
		{D2C1FB63-3255-4DFB-BDBB-E7B2A5777E4C}.Debug|iPhoneSimulator.ActiveCfg = Debug|iPhoneSimulator
		{D2C1FB63-3255-4DFB-BDBB-E7B2A5777E4C}.Debug|iPhoneSimulator.Build.0 = Debug|iPhoneSimulator
		{D2C1FB63-3255-4DFB-BDBB-E7B2A5777E4C}.Debug|x64.ActiveCfg = Debug|iPhone
		{D2C1FB63-3255-4DFB-BDBB-E7B2A5777E4C}.Debug|x86.ActiveCfg = Debug|iPhone
		{D2C1FB63-3255-4DFB-BDBB-E7B2A5777E4C}.Release|Any CPU.ActiveCfg = Release|iPhoneSimulator
		{D2C1FB63-3255-4DFB-BDBB-E7B2A5777E4C}.Release|Any CPU.Build.0 = Release|iPhoneSimulator
		{D2C1FB63-3255-4DFB-BDBB-E7B2A5777E4C}.Release|ARM.ActiveCfg = Release|iPhone
		{D2C1FB63-3255-4DFB-BDBB-E7B2A5777E4C}.Release|ARM64.ActiveCfg = Release|iPhone
		{D2C1FB63-3255-4DFB-BDBB-E7B2A5777E4C}.Release|iPhone.ActiveCfg = Release|iPhone
		{D2C1FB63-3255-4DFB-BDBB-E7B2A5777E4C}.Release|iPhone.Build.0 = Release|iPhone
		{D2C1FB63-3255-4DFB-BDBB-E7B2A5777E4C}.Release|iPhoneSimulator.ActiveCfg = Release|iPhoneSimulator
		{D2C1FB63-3255-4DFB-BDBB-E7B2A5777E4C}.Release|iPhoneSimulator.Build.0 = Release|iPhoneSimulator
		{D2C1FB63-3255-4DFB-BDBB-E7B2A5777E4C}.Release|x64.ActiveCfg = Release|iPhone
		{D2C1FB63-3255-4DFB-BDBB-E7B2A5777E4C}.Release|x86.ActiveCfg = Release|iPhone
		{08B92D62-4595-4ACF-B6ED-743B52892E72}.Debug|Any CPU.ActiveCfg = Debug|Any CPU
		{08B92D62-4595-4ACF-B6ED-743B52892E72}.Debug|Any CPU.Build.0 = Debug|Any CPU
		{08B92D62-4595-4ACF-B6ED-743B52892E72}.Debug|ARM.ActiveCfg = Debug|Any CPU
		{08B92D62-4595-4ACF-B6ED-743B52892E72}.Debug|ARM.Build.0 = Debug|Any CPU
		{08B92D62-4595-4ACF-B6ED-743B52892E72}.Debug|ARM64.ActiveCfg = Debug|Any CPU
		{08B92D62-4595-4ACF-B6ED-743B52892E72}.Debug|ARM64.Build.0 = Debug|Any CPU
		{08B92D62-4595-4ACF-B6ED-743B52892E72}.Debug|iPhone.ActiveCfg = Debug|Any CPU
		{08B92D62-4595-4ACF-B6ED-743B52892E72}.Debug|iPhone.Build.0 = Debug|Any CPU
		{08B92D62-4595-4ACF-B6ED-743B52892E72}.Debug|iPhoneSimulator.ActiveCfg = Debug|Any CPU
		{08B92D62-4595-4ACF-B6ED-743B52892E72}.Debug|iPhoneSimulator.Build.0 = Debug|Any CPU
		{08B92D62-4595-4ACF-B6ED-743B52892E72}.Debug|x64.ActiveCfg = Debug|Any CPU
		{08B92D62-4595-4ACF-B6ED-743B52892E72}.Debug|x64.Build.0 = Debug|Any CPU
		{08B92D62-4595-4ACF-B6ED-743B52892E72}.Debug|x86.ActiveCfg = Debug|Any CPU
		{08B92D62-4595-4ACF-B6ED-743B52892E72}.Debug|x86.Build.0 = Debug|Any CPU
		{08B92D62-4595-4ACF-B6ED-743B52892E72}.Release|Any CPU.ActiveCfg = Release|Any CPU
		{08B92D62-4595-4ACF-B6ED-743B52892E72}.Release|Any CPU.Build.0 = Release|Any CPU
		{08B92D62-4595-4ACF-B6ED-743B52892E72}.Release|ARM.ActiveCfg = Release|Any CPU
		{08B92D62-4595-4ACF-B6ED-743B52892E72}.Release|ARM.Build.0 = Release|Any CPU
		{08B92D62-4595-4ACF-B6ED-743B52892E72}.Release|ARM64.ActiveCfg = Release|Any CPU
		{08B92D62-4595-4ACF-B6ED-743B52892E72}.Release|ARM64.Build.0 = Release|Any CPU
		{08B92D62-4595-4ACF-B6ED-743B52892E72}.Release|iPhone.ActiveCfg = Release|Any CPU
		{08B92D62-4595-4ACF-B6ED-743B52892E72}.Release|iPhone.Build.0 = Release|Any CPU
		{08B92D62-4595-4ACF-B6ED-743B52892E72}.Release|iPhoneSimulator.ActiveCfg = Release|Any CPU
		{08B92D62-4595-4ACF-B6ED-743B52892E72}.Release|iPhoneSimulator.Build.0 = Release|Any CPU
		{08B92D62-4595-4ACF-B6ED-743B52892E72}.Release|x64.ActiveCfg = Release|Any CPU
		{08B92D62-4595-4ACF-B6ED-743B52892E72}.Release|x64.Build.0 = Release|Any CPU
		{08B92D62-4595-4ACF-B6ED-743B52892E72}.Release|x86.ActiveCfg = Release|Any CPU
		{08B92D62-4595-4ACF-B6ED-743B52892E72}.Release|x86.Build.0 = Release|Any CPU
		{61E79B4B-A83D-4D7D-976A-97ABF95641BE}.Debug|Any CPU.ActiveCfg = Debug|x86
		{61E79B4B-A83D-4D7D-976A-97ABF95641BE}.Debug|ARM.ActiveCfg = Debug|ARM
		{61E79B4B-A83D-4D7D-976A-97ABF95641BE}.Debug|ARM.Build.0 = Debug|ARM
		{61E79B4B-A83D-4D7D-976A-97ABF95641BE}.Debug|ARM.Deploy.0 = Debug|ARM
		{61E79B4B-A83D-4D7D-976A-97ABF95641BE}.Debug|ARM64.ActiveCfg = Debug|ARM64
		{61E79B4B-A83D-4D7D-976A-97ABF95641BE}.Debug|ARM64.Build.0 = Debug|ARM64
		{61E79B4B-A83D-4D7D-976A-97ABF95641BE}.Debug|ARM64.Deploy.0 = Debug|ARM64
		{61E79B4B-A83D-4D7D-976A-97ABF95641BE}.Debug|iPhone.ActiveCfg = Debug|x86
		{61E79B4B-A83D-4D7D-976A-97ABF95641BE}.Debug|iPhoneSimulator.ActiveCfg = Debug|x86
		{61E79B4B-A83D-4D7D-976A-97ABF95641BE}.Debug|x64.ActiveCfg = Debug|x64
		{61E79B4B-A83D-4D7D-976A-97ABF95641BE}.Debug|x64.Build.0 = Debug|x64
		{61E79B4B-A83D-4D7D-976A-97ABF95641BE}.Debug|x64.Deploy.0 = Debug|x64
		{61E79B4B-A83D-4D7D-976A-97ABF95641BE}.Debug|x86.ActiveCfg = Debug|x86
		{61E79B4B-A83D-4D7D-976A-97ABF95641BE}.Debug|x86.Build.0 = Debug|x86
		{61E79B4B-A83D-4D7D-976A-97ABF95641BE}.Debug|x86.Deploy.0 = Debug|x86
		{61E79B4B-A83D-4D7D-976A-97ABF95641BE}.Release|Any CPU.ActiveCfg = Release|x86
		{61E79B4B-A83D-4D7D-976A-97ABF95641BE}.Release|ARM.ActiveCfg = Release|ARM
		{61E79B4B-A83D-4D7D-976A-97ABF95641BE}.Release|ARM.Build.0 = Release|ARM
		{61E79B4B-A83D-4D7D-976A-97ABF95641BE}.Release|ARM.Deploy.0 = Release|ARM
		{61E79B4B-A83D-4D7D-976A-97ABF95641BE}.Release|ARM64.ActiveCfg = Release|ARM64
		{61E79B4B-A83D-4D7D-976A-97ABF95641BE}.Release|ARM64.Build.0 = Release|ARM64
		{61E79B4B-A83D-4D7D-976A-97ABF95641BE}.Release|ARM64.Deploy.0 = Release|ARM64
		{61E79B4B-A83D-4D7D-976A-97ABF95641BE}.Release|iPhone.ActiveCfg = Release|x86
		{61E79B4B-A83D-4D7D-976A-97ABF95641BE}.Release|iPhoneSimulator.ActiveCfg = Release|x86
		{61E79B4B-A83D-4D7D-976A-97ABF95641BE}.Release|x64.ActiveCfg = Release|x64
		{61E79B4B-A83D-4D7D-976A-97ABF95641BE}.Release|x64.Build.0 = Release|x64
		{61E79B4B-A83D-4D7D-976A-97ABF95641BE}.Release|x64.Deploy.0 = Release|x64
		{61E79B4B-A83D-4D7D-976A-97ABF95641BE}.Release|x86.ActiveCfg = Release|x86
		{61E79B4B-A83D-4D7D-976A-97ABF95641BE}.Release|x86.Build.0 = Release|x86
		{61E79B4B-A83D-4D7D-976A-97ABF95641BE}.Release|x86.Deploy.0 = Release|x86
		{335288B7-AA6F-487C-B4AA-88B9E3261BD5}.Debug|Any CPU.ActiveCfg = Debug|Any CPU
		{335288B7-AA6F-487C-B4AA-88B9E3261BD5}.Debug|Any CPU.Build.0 = Debug|Any CPU
		{335288B7-AA6F-487C-B4AA-88B9E3261BD5}.Debug|ARM.ActiveCfg = Debug|Any CPU
		{335288B7-AA6F-487C-B4AA-88B9E3261BD5}.Debug|ARM.Build.0 = Debug|Any CPU
		{335288B7-AA6F-487C-B4AA-88B9E3261BD5}.Debug|ARM64.ActiveCfg = Debug|Any CPU
		{335288B7-AA6F-487C-B4AA-88B9E3261BD5}.Debug|ARM64.Build.0 = Debug|Any CPU
		{335288B7-AA6F-487C-B4AA-88B9E3261BD5}.Debug|iPhone.ActiveCfg = Debug|Any CPU
		{335288B7-AA6F-487C-B4AA-88B9E3261BD5}.Debug|iPhone.Build.0 = Debug|Any CPU
		{335288B7-AA6F-487C-B4AA-88B9E3261BD5}.Debug|iPhoneSimulator.ActiveCfg = Debug|Any CPU
		{335288B7-AA6F-487C-B4AA-88B9E3261BD5}.Debug|iPhoneSimulator.Build.0 = Debug|Any CPU
		{335288B7-AA6F-487C-B4AA-88B9E3261BD5}.Debug|x64.ActiveCfg = Debug|Any CPU
		{335288B7-AA6F-487C-B4AA-88B9E3261BD5}.Debug|x64.Build.0 = Debug|Any CPU
		{335288B7-AA6F-487C-B4AA-88B9E3261BD5}.Debug|x86.ActiveCfg = Debug|Any CPU
		{335288B7-AA6F-487C-B4AA-88B9E3261BD5}.Debug|x86.Build.0 = Debug|Any CPU
		{335288B7-AA6F-487C-B4AA-88B9E3261BD5}.Release|Any CPU.ActiveCfg = Release|Any CPU
		{335288B7-AA6F-487C-B4AA-88B9E3261BD5}.Release|Any CPU.Build.0 = Release|Any CPU
		{335288B7-AA6F-487C-B4AA-88B9E3261BD5}.Release|ARM.ActiveCfg = Release|Any CPU
		{335288B7-AA6F-487C-B4AA-88B9E3261BD5}.Release|ARM.Build.0 = Release|Any CPU
		{335288B7-AA6F-487C-B4AA-88B9E3261BD5}.Release|ARM64.ActiveCfg = Release|Any CPU
		{335288B7-AA6F-487C-B4AA-88B9E3261BD5}.Release|ARM64.Build.0 = Release|Any CPU
		{335288B7-AA6F-487C-B4AA-88B9E3261BD5}.Release|iPhone.ActiveCfg = Release|Any CPU
		{335288B7-AA6F-487C-B4AA-88B9E3261BD5}.Release|iPhone.Build.0 = Release|Any CPU
		{335288B7-AA6F-487C-B4AA-88B9E3261BD5}.Release|iPhoneSimulator.ActiveCfg = Release|Any CPU
		{335288B7-AA6F-487C-B4AA-88B9E3261BD5}.Release|iPhoneSimulator.Build.0 = Release|Any CPU
		{335288B7-AA6F-487C-B4AA-88B9E3261BD5}.Release|x64.ActiveCfg = Release|Any CPU
		{335288B7-AA6F-487C-B4AA-88B9E3261BD5}.Release|x64.Build.0 = Release|Any CPU
		{335288B7-AA6F-487C-B4AA-88B9E3261BD5}.Release|x86.ActiveCfg = Release|Any CPU
		{335288B7-AA6F-487C-B4AA-88B9E3261BD5}.Release|x86.Build.0 = Release|Any CPU
		{459689E5-163C-49F8-956F-FB31D2C74443}.Debug|Any CPU.ActiveCfg = Debug|Any CPU
		{459689E5-163C-49F8-956F-FB31D2C74443}.Debug|Any CPU.Build.0 = Debug|Any CPU
		{459689E5-163C-49F8-956F-FB31D2C74443}.Debug|ARM.ActiveCfg = Debug|Any CPU
		{459689E5-163C-49F8-956F-FB31D2C74443}.Debug|ARM.Build.0 = Debug|Any CPU
		{459689E5-163C-49F8-956F-FB31D2C74443}.Debug|ARM64.ActiveCfg = Debug|Any CPU
		{459689E5-163C-49F8-956F-FB31D2C74443}.Debug|ARM64.Build.0 = Debug|Any CPU
		{459689E5-163C-49F8-956F-FB31D2C74443}.Debug|iPhone.ActiveCfg = Debug|Any CPU
		{459689E5-163C-49F8-956F-FB31D2C74443}.Debug|iPhone.Build.0 = Debug|Any CPU
		{459689E5-163C-49F8-956F-FB31D2C74443}.Debug|iPhoneSimulator.ActiveCfg = Debug|Any CPU
		{459689E5-163C-49F8-956F-FB31D2C74443}.Debug|iPhoneSimulator.Build.0 = Debug|Any CPU
		{459689E5-163C-49F8-956F-FB31D2C74443}.Debug|x64.ActiveCfg = Debug|Any CPU
		{459689E5-163C-49F8-956F-FB31D2C74443}.Debug|x64.Build.0 = Debug|Any CPU
		{459689E5-163C-49F8-956F-FB31D2C74443}.Debug|x86.ActiveCfg = Debug|Any CPU
		{459689E5-163C-49F8-956F-FB31D2C74443}.Debug|x86.Build.0 = Debug|Any CPU
		{459689E5-163C-49F8-956F-FB31D2C74443}.Release|Any CPU.ActiveCfg = Release|Any CPU
		{459689E5-163C-49F8-956F-FB31D2C74443}.Release|Any CPU.Build.0 = Release|Any CPU
		{459689E5-163C-49F8-956F-FB31D2C74443}.Release|ARM.ActiveCfg = Release|Any CPU
		{459689E5-163C-49F8-956F-FB31D2C74443}.Release|ARM.Build.0 = Release|Any CPU
		{459689E5-163C-49F8-956F-FB31D2C74443}.Release|ARM64.ActiveCfg = Release|Any CPU
		{459689E5-163C-49F8-956F-FB31D2C74443}.Release|ARM64.Build.0 = Release|Any CPU
		{459689E5-163C-49F8-956F-FB31D2C74443}.Release|iPhone.ActiveCfg = Release|Any CPU
		{459689E5-163C-49F8-956F-FB31D2C74443}.Release|iPhone.Build.0 = Release|Any CPU
		{459689E5-163C-49F8-956F-FB31D2C74443}.Release|iPhoneSimulator.ActiveCfg = Release|Any CPU
		{459689E5-163C-49F8-956F-FB31D2C74443}.Release|iPhoneSimulator.Build.0 = Release|Any CPU
		{459689E5-163C-49F8-956F-FB31D2C74443}.Release|x64.ActiveCfg = Release|Any CPU
		{459689E5-163C-49F8-956F-FB31D2C74443}.Release|x64.Build.0 = Release|Any CPU
		{459689E5-163C-49F8-956F-FB31D2C74443}.Release|x86.ActiveCfg = Release|Any CPU
		{459689E5-163C-49F8-956F-FB31D2C74443}.Release|x86.Build.0 = Release|Any CPU
	EndGlobalSection
	GlobalSection(SolutionProperties) = preSolution
		HideSolutionNode = FALSE
	EndGlobalSection
	GlobalSection(NestedProjects) = preSolution
		{62E01E93-85DC-4AE8-A2A2-5D93B3A9A19E} = {E94895A9-6AB4-4517-8084-82303847AD56}
		{D2C1FB63-3255-4DFB-BDBB-E7B2A5777E4C} = {E94895A9-6AB4-4517-8084-82303847AD56}
		{08B92D62-4595-4ACF-B6ED-743B52892E72} = {E94895A9-6AB4-4517-8084-82303847AD56}
		{61E79B4B-A83D-4D7D-976A-97ABF95641BE} = {E94895A9-6AB4-4517-8084-82303847AD56}
	EndGlobalSection
	GlobalSection(ExtensibilityGlobals) = postSolution
		SolutionGuid = {FF29FE31-24F3-46F2-B7C3-53AF1D4ACE04}
	EndGlobalSection
EndGlobal
